// !$*UTF8*$!
{
	archiveVersion = 1;
	classes = {
	};
	objectVersion = 77;
	objects = {

/* Begin PBXBuildFile section */
		29F9784C2EF20C58006201BF /* Assets.xcassets in Resources */ = {isa = PBXBuildFile; fileRef = 29F978432EF20C58006201BF /* Assets.xcassets */; };
		29F9784D2EF20C58006201BF /* LaunchScreen.storyboard in Resources */ = {isa = PBXBuildFile; fileRef = 29F978472EF20C58006201BF /* LaunchScreen.storyboard */; };
		29F9784F2EF20C58006201BF /* Main.storyboard in Resources */ = {isa = PBXBuildFile; fileRef = 29F978492EF20C58006201BF /* Main.storyboard */; };
		29F978502EF20C58006201BF /* AppDelegate.swift in Sources */ = {isa = PBXBuildFile; fileRef = 29F978422EF20C58006201BF /* AppDelegate.swift */; };
		29F978512EF20C58006201BF /* SceneDelegate.swift in Sources */ = {isa = PBXBuildFile; fileRef = 29F9784A2EF20C58006201BF /* SceneDelegate.swift */; };
		29F978522EF20C58006201BF /* HomeViewController.swift in Sources */ = {isa = PBXBuildFile; fileRef = 29F978442EF20C58006201BF /* HomeViewController.swift */; };
		29F9785A2EF20F26006201BF /* Product.swift in Sources */ = {isa = PBXBuildFile; fileRef = 29F978592EF20F26006201BF /* Product.swift */; };
		29F9785C2EF20F42006201BF /* CartItem.swift in Sources */ = {isa = PBXBuildFile; fileRef = 29F9785B2EF20F42006201BF /* CartItem.swift */; };
		29F9785E2EF20F6B006201BF /* APIService.swift in Sources */ = {isa = PBXBuildFile; fileRef = 29F9785D2EF20F6B006201BF /* APIService.swift */; };
		29F978602EF20FA7006201BF /* UserDefaultsManager.swift in Sources */ = {isa = PBXBuildFile; fileRef = 29F9785F2EF20FA7006201BF /* UserDefaultsManager.swift */; };
		29F978642EF21E45006201BF /* ProductCollectionViewCell.swift in Sources */ = {isa = PBXBuildFile; fileRef = 29F978632EF21E45006201BF /* ProductCollectionViewCell.swift */; };
/* End PBXBuildFile section */

/* Begin PBXContainerItemProxy section */
		29F0580A2EF1F90900A3D342 /* PBXContainerItemProxy */ = {
			isa = PBXContainerItemProxy;
			containerPortal = 29F057EB2EF1F90800A3D342 /* Project object */;
			proxyType = 1;
			remoteGlobalIDString = 29F057F22EF1F90800A3D342;
			remoteInfo = JEANELLE;
		};
		29F058142EF1F90900A3D342 /* PBXContainerItemProxy */ = {
			isa = PBXContainerItemProxy;
			containerPortal = 29F057EB2EF1F90800A3D342 /* Project object */;
			proxyType = 1;
			remoteGlobalIDString = 29F057F22EF1F90800A3D342;
			remoteInfo = JEANELLE;
		};
/* End PBXContainerItemProxy section */

/* Begin PBXFileReference section */
		29F057F32EF1F90800A3D342 /* JEANELLE.app */ = {isa = PBXFileReference; explicitFileType = wrapper.application; includeInIndex = 0; path = JEANELLE.app; sourceTree = BUILT_PRODUCTS_DIR; };
		29F058092EF1F90900A3D342 /* JEANELLETests.xctest */ = {isa = PBXFileReference; explicitFileType = wrapper.cfbundle; includeInIndex = 0; path = JEANELLETests.xctest; sourceTree = BUILT_PRODUCTS_DIR; };
		29F058132EF1F90900A3D342 /* JEANELLEUITests.xctest */ = {isa = PBXFileReference; explicitFileType = wrapper.cfbundle; includeInIndex = 0; path = JEANELLEUITests.xctest; sourceTree = BUILT_PRODUCTS_DIR; };
		29F978422EF20C58006201BF /* AppDelegate.swift */ = {isa = PBXFileReference; lastKnownFileType = sourcecode.swift; path = AppDelegate.swift; sourceTree = "<group>"; };
		29F978432EF20C58006201BF /* Assets.xcassets */ = {isa = PBXFileReference; lastKnownFileType = folder.assetcatalog; path = Assets.xcassets; sourceTree = "<group>"; };
		29F978442EF20C58006201BF /* HomeViewController.swift */ = {isa = PBXFileReference; lastKnownFileType = sourcecode.swift; path = HomeViewController.swift; sourceTree = "<group>"; };
		29F978452EF20C58006201BF /* Info.plist */ = {isa = PBXFileReference; lastKnownFileType = text.plist.xml; path = Info.plist; sourceTree = "<group>"; };
		29F978462EF20C58006201BF /* Base */ = {isa = PBXFileReference; lastKnownFileType = file.storyboard; name = Base; path = Base.lproj/LaunchScreen.storyboard; sourceTree = "<group>"; };
		29F978482EF20C58006201BF /* Base */ = {isa = PBXFileReference; lastKnownFileType = file.storyboard; name = Base; path = Base.lproj/Main.storyboard; sourceTree = "<group>"; };
		29F9784A2EF20C58006201BF /* SceneDelegate.swift */ = {isa = PBXFileReference; lastKnownFileType = sourcecode.swift; path = SceneDelegate.swift; sourceTree = "<group>"; };
		29F978592EF20F26006201BF /* Product.swift */ = {isa = PBXFileReference; lastKnownFileType = sourcecode.swift; path = Product.swift; sourceTree = "<group>"; };
		29F9785B2EF20F42006201BF /* CartItem.swift */ = {isa = PBXFileReference; lastKnownFileType = sourcecode.swift; path = CartItem.swift; sourceTree = "<group>"; };
		29F9785D2EF20F6B006201BF /* APIService.swift */ = {isa = PBXFileReference; lastKnownFileType = sourcecode.swift; path = APIService.swift; sourceTree = "<group>"; };
		29F9785F2EF20FA7006201BF /* UserDefaultsManager.swift */ = {isa = PBXFileReference; lastKnownFileType = sourcecode.swift; path = UserDefaultsManager.swift; sourceTree = "<group>"; };
		29F978632EF21E45006201BF /* ProductCollectionViewCell.swift */ = {isa = PBXFileReference; lastKnownFileType = sourcecode.swift; path = ProductCollectionViewCell.swift; sourceTree = "<group>"; };
/* End PBXFileReference section */

/* Begin PBXFileSystemSynchronizedRootGroup section */
		29F0580C2EF1F90900A3D342 /* JEANELLETests */ = {
			isa = PBXFileSystemSynchronizedRootGroup;
			path = JEANELLETests;
			sourceTree = "<group>";
		};
		29F058162EF1F90900A3D342 /* JEANELLEUITests */ = {
			isa = PBXFileSystemSynchronizedRootGroup;
			path = JEANELLEUITests;
			sourceTree = "<group>";
		};
/* End PBXFileSystemSynchronizedRootGroup section */

/* Begin PBXFrameworksBuildPhase section */
		29F057F02EF1F90800A3D342 /* Frameworks */ = {
			isa = PBXFrameworksBuildPhase;
			buildActionMask = 2147483647;
			files = (
			);
			runOnlyForDeploymentPostprocessing = 0;
		};
		29F058062EF1F90900A3D342 /* Frameworks */ = {
			isa = PBXFrameworksBuildPhase;
			buildActionMask = 2147483647;
			files = (
			);
			runOnlyForDeploymentPostprocessing = 0;
		};
		29F058102EF1F90900A3D342 /* Frameworks */ = {
			isa = PBXFrameworksBuildPhase;
			buildActionMask = 2147483647;
			files = (
			);
			runOnlyForDeploymentPostprocessing = 0;
		};
/* End PBXFrameworksBuildPhase section */

/* Begin PBXGroup section */
		29F057EA2EF1F90800A3D342 = {
			isa = PBXGroup;
			children = (
				29F9784B2EF20C58006201BF /* JEANELLE */,
				29F0580C2EF1F90900A3D342 /* JEANELLETests */,
				29F058162EF1F90900A3D342 /* JEANELLEUITests */,
				29F057F42EF1F90800A3D342 /* Products */,
			);
			sourceTree = "<group>";
		};
		29F057F42EF1F90800A3D342 /* Products */ = {
			isa = PBXGroup;
			children = (
				29F057F32EF1F90800A3D342 /* JEANELLE.app */,
				29F058092EF1F90900A3D342 /* JEANELLETests.xctest */,
				29F058132EF1F90900A3D342 /* JEANELLEUITests.xctest */,
			);
			name = Products;
			sourceTree = "<group>";
		};
		29F9784B2EF20C58006201BF /* JEANELLE */ = {
			isa = PBXGroup;
			children = (
				29F978582EF20EBA006201BF /* Utilities */,
				29F978572EF20EAD006201BF /* Controllers */,
				29F978562EF20E9D006201BF /* Views */,
				29F978552EF20E5D006201BF /* Storage */,
				29F978542EF20E0B006201BF /* Networking */,
				29F978532EF20DEF006201BF /* Models */,
				29F978422EF20C58006201BF /* AppDelegate.swift */,
				29F978432EF20C58006201BF /* Assets.xcassets */,
				29F978452EF20C58006201BF /* Info.plist */,
				29F978472EF20C58006201BF /* LaunchScreen.storyboard */,
				29F978492EF20C58006201BF /* Main.storyboard */,
				29F9784A2EF20C58006201BF /* SceneDelegate.swift */,
			);
			path = JEANELLE;
			sourceTree = "<group>";
		};
		29F978532EF20DEF006201BF /* Models */ = {
			isa = PBXGroup;
			children = (
				29F978592EF20F26006201BF /* Product.swift */,
				29F9785B2EF20F42006201BF /* CartItem.swift */,
			);
			path = Models;
			sourceTree = "<group>";
		};
		29F978542EF20E0B006201BF /* Networking */ = {
			isa = PBXGroup;
			children = (
				29F9785D2EF20F6B006201BF /* APIService.swift */,
			);
			path = Networking;
			sourceTree = "<group>";
		};
		29F978552EF20E5D006201BF /* Storage */ = {
			isa = PBXGroup;
			children = (
				29F9785F2EF20FA7006201BF /* UserDefaultsManager.swift */,
			);
			path = Storage;
			sourceTree = "<group>";
		};
		29F978562EF20E9D006201BF /* Views */ = {
			isa = PBXGroup;
			children = (
				29F978622EF21D6E006201BF /* Home */,
			);
			path = Views;
			sourceTree = "<group>";
		};
		29F978572EF20EAD006201BF /* Controllers */ = {
			isa = PBXGroup;
			children = (
				29F978612EF21B9D006201BF /* Home */,
			);
			path = Controllers;
			sourceTree = "<group>";
		};
		29F978582EF20EBA006201BF /* Utilities */ = {
			isa = PBXGroup;
			children = (
			);
			path = Utilities;
			sourceTree = "<group>";
		};
		29F978612EF21B9D006201BF /* Home */ = {
			isa = PBXGroup;
			children = (
				29F978442EF20C58006201BF /* HomeViewController.swift */,
			);
			path = Home;
			sourceTree = "<group>";
		};
		29F978622EF21D6E006201BF /* Home */ = {
			isa = PBXGroup;
			children = (
				29F978632EF21E45006201BF /* ProductCollectionViewCell.swift */,
			);
			path = Home;
			sourceTree = "<group>";
		};
/* End PBXGroup section */

/* Begin PBXNativeTarget section */
		29F057F22EF1F90800A3D342 /* JEANELLE */ = {
			isa = PBXNativeTarget;
			buildConfigurationList = 29F0581C2EF1F90900A3D342 /* Build configuration list for PBXNativeTarget "JEANELLE" */;
			buildPhases = (
				29F057EF2EF1F90800A3D342 /* Sources */,
				29F057F02EF1F90800A3D342 /* Frameworks */,
				29F057F12EF1F90800A3D342 /* Resources */,
			);
			buildRules = (
			);
			dependencies = (
			);
			name = JEANELLE;
			packageProductDependencies = (
			);
			productName = JEANELLE;
			productReference = 29F057F32EF1F90800A3D342 /* JEANELLE.app */;
			productType = "com.apple.product-type.application";
		};
		29F058082EF1F90900A3D342 /* JEANELLETests */ = {
			isa = PBXNativeTarget;
			buildConfigurationList = 29F058212EF1F90900A3D342 /* Build configuration list for PBXNativeTarget "JEANELLETests" */;
			buildPhases = (
				29F058052EF1F90900A3D342 /* Sources */,
				29F058062EF1F90900A3D342 /* Frameworks */,
				29F058072EF1F90900A3D342 /* Resources */,
			);
			buildRules = (
			);
			dependencies = (
				29F0580B2EF1F90900A3D342 /* PBXTargetDependency */,
			);
			fileSystemSynchronizedGroups = (
				29F0580C2EF1F90900A3D342 /* JEANELLETests */,
			);
			name = JEANELLETests;
			packageProductDependencies = (
			);
			productName = JEANELLETests;
			productReference = 29F058092EF1F90900A3D342 /* JEANELLETests.xctest */;
			productType = "com.apple.product-type.bundle.unit-test";
		};
		29F058122EF1F90900A3D342 /* JEANELLEUITests */ = {
			isa = PBXNativeTarget;
			buildConfigurationList = 29F058242EF1F90900A3D342 /* Build configuration list for PBXNativeTarget "JEANELLEUITests" */;
			buildPhases = (
				29F0580F2EF1F90900A3D342 /* Sources */,
				29F058102EF1F90900A3D342 /* Frameworks */,
				29F058112EF1F90900A3D342 /* Resources */,
			);
			buildRules = (
			);
			dependencies = (
				29F058152EF1F90900A3D342 /* PBXTargetDependency */,
			);
			fileSystemSynchronizedGroups = (
				29F058162EF1F90900A3D342 /* JEANELLEUITests */,
			);
			name = JEANELLEUITests;
			packageProductDependencies = (
			);
			productName = JEANELLEUITests;
			productReference = 29F058132EF1F90900A3D342 /* JEANELLEUITests.xctest */;
			productType = "com.apple.product-type.bundle.ui-testing";
		};
/* End PBXNativeTarget section */

/* Begin PBXProject section */
		29F057EB2EF1F90800A3D342 /* Project object */ = {
			isa = PBXProject;
			attributes = {
				BuildIndependentTargetsInParallel = 1;
				LastSwiftUpdateCheck = 2600;
				LastUpgradeCheck = 2600;
				TargetAttributes = {
					29F057F22EF1F90800A3D342 = {
						CreatedOnToolsVersion = 26.0.1;
					};
					29F058082EF1F90900A3D342 = {
						CreatedOnToolsVersion = 26.0.1;
						TestTargetID = 29F057F22EF1F90800A3D342;
					};
					29F058122EF1F90900A3D342 = {
						CreatedOnToolsVersion = 26.0.1;
						TestTargetID = 29F057F22EF1F90800A3D342;
					};
				};
			};
			buildConfigurationList = 29F057EE2EF1F90800A3D342 /* Build configuration list for PBXProject "JEANELLE" */;
			developmentRegion = en;
			hasScannedForEncodings = 0;
			knownRegions = (
				en,
				Base,
			);
			mainGroup = 29F057EA2EF1F90800A3D342;
			minimizedProjectReferenceProxies = 1;
			preferredProjectObjectVersion = 77;
			productRefGroup = 29F057F42EF1F90800A3D342 /* Products */;
			projectDirPath = "";
			projectRoot = "";
			targets = (
				29F057F22EF1F90800A3D342 /* JEANELLE */,
				29F058082EF1F90900A3D342 /* JEANELLETests */,
				29F058122EF1F90900A3D342 /* JEANELLEUITests */,
			);
		};
/* End PBXProject section */

/* Begin PBXResourcesBuildPhase section */
		29F057F12EF1F90800A3D342 /* Resources */ = {
			isa = PBXResourcesBuildPhase;
			buildActionMask = 2147483647;
			files = (
				29F9784C2EF20C58006201BF /* Assets.xcassets in Resources */,
				29F9784D2EF20C58006201BF /* LaunchScreen.storyboard in Resources */,
				29F9784F2EF20C58006201BF /* Main.storyboard in Resources */,
			);
			runOnlyForDeploymentPostprocessing = 0;
		};
		29F058072EF1F90900A3D342 /* Resources */ = {
			isa = PBXResourcesBuildPhase;
			buildActionMask = 2147483647;
			files = (
			);
			runOnlyForDeploymentPostprocessing = 0;
		};
		29F058112EF1F90900A3D342 /* Resources */ = {
			isa = PBXResourcesBuildPhase;
			buildActionMask = 2147483647;
			files = (
			);
			runOnlyForDeploymentPostprocessing = 0;
		};
/* End PBXResourcesBuildPhase section */

/* Begin PBXSourcesBuildPhase section */
		29F057EF2EF1F90800A3D342 /* Sources */ = {
			isa = PBXSourcesBuildPhase;
			buildActionMask = 2147483647;
			files = (
				29F978502EF20C58006201BF /* AppDelegate.swift in Sources */,
				29F9785A2EF20F26006201BF /* Product.swift in Sources */,
				29F978642EF21E45006201BF /* ProductCollectionViewCell.swift in Sources */,
				29F978512EF20C58006201BF /* SceneDelegate.swift in Sources */,
				29F978602EF20FA7006201BF /* UserDefaultsManager.swift in Sources */,
				29F9785C2EF20F42006201BF /* CartItem.swift in Sources */,
				29F9785E2EF20F6B006201BF /* APIService.swift in Sources */,
				29F978522EF20C58006201BF /* HomeViewController.swift in Sources */,
			);
			runOnlyForDeploymentPostprocessing = 0;
		};
		29F058052EF1F90900A3D342 /* Sources */ = {
			isa = PBXSourcesBuildPhase;
			buildActionMask = 2147483647;
			files = (
			);
			runOnlyForDeploymentPostprocessing = 0;
		};
		29F0580F2EF1F90900A3D342 /* Sources */ = {
			isa = PBXSourcesBuildPhase;
			buildActionMask = 2147483647;
			files = (
			);
			runOnlyForDeploymentPostprocessing = 0;
		};
/* End PBXSourcesBuildPhase section */

/* Begin PBXTargetDependency section */
		29F0580B2EF1F90900A3D342 /* PBXTargetDependency */ = {
			isa = PBXTargetDependency;
			target = 29F057F22EF1F90800A3D342 /* JEANELLE */;
			targetProxy = 29F0580A2EF1F90900A3D342 /* PBXContainerItemProxy */;
		};
		29F058152EF1F90900A3D342 /* PBXTargetDependency */ = {
			isa = PBXTargetDependency;
			target = 29F057F22EF1F90800A3D342 /* JEANELLE */;
			targetProxy = 29F058142EF1F90900A3D342 /* PBXContainerItemProxy */;
		};
/* End PBXTargetDependency section */

/* Begin PBXVariantGroup section */
		29F978472EF20C58006201BF /* LaunchScreen.storyboard */ = {
			isa = PBXVariantGroup;
			children = (
				29F978462EF20C58006201BF /* Base */,
			);
			name = LaunchScreen.storyboard;
			sourceTree = "<group>";
		};
		29F978492EF20C58006201BF /* Main.storyboard */ = {
			isa = PBXVariantGroup;
			children = (
				29F978482EF20C58006201BF /* Base */,
			);
			name = Main.storyboard;
			sourceTree = "<group>";
		};
/* End PBXVariantGroup section */

/* Begin XCBuildConfiguration section */
		29F0581D2EF1F90900A3D342 /* Debug */ = {
			isa = XCBuildConfiguration;
			buildSettings = {
				ASSETCATALOG_COMPILER_APPICON_NAME = AppIcon;
				ASSETCATALOG_COMPILER_GLOBAL_ACCENT_COLOR_NAME = AccentColor;
				CODE_SIGN_STYLE = Automatic;
				CURRENT_PROJECT_VERSION = 1;
				DEVELOPMENT_TEAM = 9U9ASFPY64;
				GENERATE_INFOPLIST_FILE = YES;
				INFOPLIST_FILE = JEANELLE/Info.plist;
				INFOPLIST_KEY_UIApplicationSupportsIndirectInputEvents = YES;
				INFOPLIST_KEY_UILaunchStoryboardName = LaunchScreen;
				INFOPLIST_KEY_UIMainStoryboardFile = Main;
				INFOPLIST_KEY_UISupportedInterfaceOrientations_iPad = "UIInterfaceOrientationPortrait UIInterfaceOrientationPortraitUpsideDown UIInterfaceOrientationLandscapeLeft UIInterfaceOrientationLandscapeRight";
				INFOPLIST_KEY_UISupportedInterfaceOrientations_iPhone = "UIInterfaceOrientationPortrait UIInterfaceOrientationLandscapeLeft UIInterfaceOrientationLandscapeRight";
				LD_RUNPATH_SEARCH_PATHS = (
					"$(inherited)",
					"@executable_path/Frameworks",
				);
				MARKETING_VERSION = 1.0;
				PRODUCT_BUNDLE_IDENTIFIER = com.JEANELLE;
				PRODUCT_NAME = "$(TARGET_NAME)";
				STRING_CATALOG_GENERATE_SYMBOLS = YES;
				SWIFT_APPROACHABLE_CONCURRENCY = YES;
				SWIFT_DEFAULT_ACTOR_ISOLATION = MainActor;
				SWIFT_EMIT_LOC_STRINGS = YES;
				SWIFT_UPCOMING_FEATURE_MEMBER_IMPORT_VISIBILITY = YES;
				SWIFT_VERSION = 5.0;
				TARGETED_DEVICE_FAMILY = "1,2";
			};
			name = Debug;
		};
		29F0581E2EF1F90900A3D342 /* Release */ = {
			isa = XCBuildConfiguration;
			buildSettings = {
				ASSETCATALOG_COMPILER_APPICON_NAME = AppIcon;
				ASSETCATALOG_COMPILER_GLOBAL_ACCENT_COLOR_NAME = AccentColor;
				CODE_SIGN_STYLE = Automatic;
				CURRENT_PROJECT_VERSION = 1;
				DEVELOPMENT_TEAM = 9U9ASFPY64;
				GENERATE_INFOPLIST_FILE = YES;
				INFOPLIST_FILE = JEANELLE/Info.plist;
				INFOPLIST_KEY_UIApplicationSupportsIndirectInputEvents = YES;
				INFOPLIST_KEY_UILaunchStoryboardName = LaunchScreen;
				INFOPLIST_KEY_UIMainStoryboardFile = Main;
				INFOPLIST_KEY_UISupportedInterfaceOrientations_iPad = "UIInterfaceOrientationPortrait UIInterfaceOrientationPortraitUpsideDown UIInterfaceOrientationLandscapeLeft UIInterfaceOrientationLandscapeRight";
				INFOPLIST_KEY_UISupportedInterfaceOrientations_iPhone = "UIInterfaceOrientationPortrait UIInterfaceOrientationLandscapeLeft UIInterfaceOrientationLandscapeRight";
				LD_RUNPATH_SEARCH_PATHS = (
					"$(inherited)",
					"@executable_path/Frameworks",
				);
				MARKETING_VERSION = 1.0;
				PRODUCT_BUNDLE_IDENTIFIER = com.JEANELLE;
				PRODUCT_NAME = "$(TARGET_NAME)";
				STRING_CATALOG_GENERATE_SYMBOLS = YES;
				SWIFT_APPROACHABLE_CONCURRENCY = YES;
				SWIFT_DEFAULT_ACTOR_ISOLATION = MainActor;
				SWIFT_EMIT_LOC_STRINGS = YES;
				SWIFT_UPCOMING_FEATURE_MEMBER_IMPORT_VISIBILITY = YES;
				SWIFT_VERSION = 5.0;
				TARGETED_DEVICE_FAMILY = "1,2";
			};
			name = Release;
		};
		29F0581F2EF1F90900A3D342 /* Debug */ = {
			isa = XCBuildConfiguration;
			buildSettings = {
				ALWAYS_SEARCH_USER_PATHS = NO;
				ASSETCATALOG_COMPILER_GENERATE_SWIFT_ASSET_SYMBOL_EXTENSIONS = YES;
				CLANG_ANALYZER_NONNULL = YES;
				CLANG_ANALYZER_NUMBER_OBJECT_CONVERSION = YES_AGGRESSIVE;
				CLANG_CXX_LANGUAGE_STANDARD = "gnu++20";
				CLANG_ENABLE_MODULES = YES;
				CLANG_ENABLE_OBJC_ARC = YES;
				CLANG_ENABLE_OBJC_WEAK = YES;
				CLANG_WARN_BLOCK_CAPTURE_AUTORELEASING = YES;
				CLANG_WARN_BOOL_CONVERSION = YES;
				CLANG_WARN_COMMA = YES;
				CLANG_WARN_CONSTANT_CONVERSION = YES;
				CLANG_WARN_DEPRECATED_OBJC_IMPLEMENTATIONS = YES;
				CLANG_WARN_DIRECT_OBJC_ISA_USAGE = YES_ERROR;
				CLANG_WARN_DOCUMENTATION_COMMENTS = YES;
				CLANG_WARN_EMPTY_BODY = YES;
				CLANG_WARN_ENUM_CONVERSION = YES;
				CLANG_WARN_INFINITE_RECURSION = YES;
				CLANG_WARN_INT_CONVERSION = YES;
				CLANG_WARN_NON_LITERAL_NULL_CONVERSION = YES;
				CLANG_WARN_OBJC_IMPLICIT_RETAIN_SELF = YES;
				CLANG_WARN_OBJC_LITERAL_CONVERSION = YES;
				CLANG_WARN_OBJC_ROOT_CLASS = YES_ERROR;
				CLANG_WARN_QUOTED_INCLUDE_IN_FRAMEWORK_HEADER = YES;
				CLANG_WARN_RANGE_LOOP_ANALYSIS = YES;
				CLANG_WARN_STRICT_PROTOTYPES = YES;
				CLANG_WARN_SUSPICIOUS_MOVE = YES;
				CLANG_WARN_UNGUARDED_AVAILABILITY = YES_AGGRESSIVE;
				CLANG_WARN_UNREACHABLE_CODE = YES;
				CLANG_WARN__DUPLICATE_METHOD_MATCH = YES;
				COPY_PHASE_STRIP = NO;
				DEBUG_INFORMATION_FORMAT = dwarf;
				DEVELOPMENT_TEAM = 9U9ASFPY64;
				ENABLE_STRICT_OBJC_MSGSEND = YES;
				ENABLE_TESTABILITY = YES;
				ENABLE_USER_SCRIPT_SANDBOXING = YES;
				GCC_C_LANGUAGE_STANDARD = gnu17;
				GCC_DYNAMIC_NO_PIC = NO;
				GCC_NO_COMMON_BLOCKS = YES;
				GCC_OPTIMIZATION_LEVEL = 0;
				GCC_PREPROCESSOR_DEFINITIONS = (
					"DEBUG=1",
					"$(inherited)",
				);
				GCC_WARN_64_TO_32_BIT_CONVERSION = YES;
				GCC_WARN_ABOUT_RETURN_TYPE = YES_ERROR;
				GCC_WARN_UNDECLARED_SELECTOR = YES;
				GCC_WARN_UNINITIALIZED_AUTOS = YES_AGGRESSIVE;
				GCC_WARN_UNUSED_FUNCTION = YES;
				GCC_WARN_UNUSED_VARIABLE = YES;
				IPHONEOS_DEPLOYMENT_TARGET = 26.0;
				LOCALIZATION_PREFERS_STRING_CATALOGS = YES;
				MTL_ENABLE_DEBUG_INFO = INCLUDE_SOURCE;
				MTL_FAST_MATH = YES;
				ONLY_ACTIVE_ARCH = YES;
				SDKROOT = iphoneos;
				SWIFT_ACTIVE_COMPILATION_CONDITIONS = "DEBUG $(inherited)";
				SWIFT_OPTIMIZATION_LEVEL = "-Onone";
			};
			name = Debug;
		};
		29F058202EF1F90900A3D342 /* Release */ = {
			isa = XCBuildConfiguration;
			buildSettings = {
				ALWAYS_SEARCH_USER_PATHS = NO;
				ASSETCATALOG_COMPILER_GENERATE_SWIFT_ASSET_SYMBOL_EXTENSIONS = YES;
				CLANG_ANALYZER_NONNULL = YES;
				CLANG_ANALYZER_NUMBER_OBJECT_CONVERSION = YES_AGGRESSIVE;
				CLANG_CXX_LANGUAGE_STANDARD = "gnu++20";
				CLANG_ENABLE_MODULES = YES;
				CLANG_ENABLE_OBJC_ARC = YES;
				CLANG_ENABLE_OBJC_WEAK = YES;
				CLANG_WARN_BLOCK_CAPTURE_AUTORELEASING = YES;
				CLANG_WARN_BOOL_CONVERSION = YES;
				CLANG_WARN_COMMA = YES;
				CLANG_WARN_CONSTANT_CONVERSION = YES;
				CLANG_WARN_DEPRECATED_OBJC_IMPLEMENTATIONS = YES;
				CLANG_WARN_DIRECT_OBJC_ISA_USAGE = YES_ERROR;
				CLANG_WARN_DOCUMENTATION_COMMENTS = YES;
				CLANG_WARN_EMPTY_BODY = YES;
				CLANG_WARN_ENUM_CONVERSION = YES;
				CLANG_WARN_INFINITE_RECURSION = YES;
				CLANG_WARN_INT_CONVERSION = YES;
				CLANG_WARN_NON_LITERAL_NULL_CONVERSION = YES;
				CLANG_WARN_OBJC_IMPLICIT_RETAIN_SELF = YES;
				CLANG_WARN_OBJC_LITERAL_CONVERSION = YES;
				CLANG_WARN_OBJC_ROOT_CLASS = YES_ERROR;
				CLANG_WARN_QUOTED_INCLUDE_IN_FRAMEWORK_HEADER = YES;
				CLANG_WARN_RANGE_LOOP_ANALYSIS = YES;
				CLANG_WARN_STRICT_PROTOTYPES = YES;
				CLANG_WARN_SUSPICIOUS_MOVE = YES;
				CLANG_WARN_UNGUARDED_AVAILABILITY = YES_AGGRESSIVE;
				CLANG_WARN_UNREACHABLE_CODE = YES;
				CLANG_WARN__DUPLICATE_METHOD_MATCH = YES;
				COPY_PHASE_STRIP = NO;
				DEBUG_INFORMATION_FORMAT = "dwarf-with-dsym";
				DEVELOPMENT_TEAM = 9U9ASFPY64;
				ENABLE_NS_ASSERTIONS = NO;
				ENABLE_STRICT_OBJC_MSGSEND = YES;
				ENABLE_USER_SCRIPT_SANDBOXING = YES;
				GCC_C_LANGUAGE_STANDARD = gnu17;
				GCC_NO_COMMON_BLOCKS = YES;
				GCC_WARN_64_TO_32_BIT_CONVERSION = YES;
				GCC_WARN_ABOUT_RETURN_TYPE = YES_ERROR;
				GCC_WARN_UNDECLARED_SELECTOR = YES;
				GCC_WARN_UNINITIALIZED_AUTOS = YES_AGGRESSIVE;
				GCC_WARN_UNUSED_FUNCTION = YES;
				GCC_WARN_UNUSED_VARIABLE = YES;
				IPHONEOS_DEPLOYMENT_TARGET = 26.0;
				LOCALIZATION_PREFERS_STRING_CATALOGS = YES;
				MTL_ENABLE_DEBUG_INFO = NO;
				MTL_FAST_MATH = YES;
				SDKROOT = iphoneos;
				SWIFT_COMPILATION_MODE = wholemodule;
				VALIDATE_PRODUCT = YES;
			};
			name = Release;
		};
		29F058222EF1F90900A3D342 /* Debug */ = {
			isa = XCBuildConfiguration;
			buildSettings = {
				BUNDLE_LOADER = "$(TEST_HOST)";
				CODE_SIGN_STYLE = Automatic;
				CURRENT_PROJECT_VERSION = 1;
				DEVELOPMENT_TEAM = 9U9ASFPY64;
				GENERATE_INFOPLIST_FILE = YES;
				IPHONEOS_DEPLOYMENT_TARGET = 26.0;
				MARKETING_VERSION = 1.0;
				PRODUCT_BUNDLE_IDENTIFIER = com.JEANELLETests;
				PRODUCT_NAME = "$(TARGET_NAME)";
				STRING_CATALOG_GENERATE_SYMBOLS = NO;
				SWIFT_APPROACHABLE_CONCURRENCY = YES;
				SWIFT_EMIT_LOC_STRINGS = NO;
				SWIFT_UPCOMING_FEATURE_MEMBER_IMPORT_VISIBILITY = YES;
				SWIFT_VERSION = 5.0;
				TARGETED_DEVICE_FAMILY = "1,2";
				TEST_HOST = "$(BUILT_PRODUCTS_DIR)/JEANELLE.app/$(BUNDLE_EXECUTABLE_FOLDER_PATH)/JEANELLE";
			};
			name = Debug;
		};
		29F058232EF1F90900A3D342 /* Release */ = {
			isa = XCBuildConfiguration;
			buildSettings = {
				BUNDLE_LOADER = "$(TEST_HOST)";
				CODE_SIGN_STYLE = Automatic;
				CURRENT_PROJECT_VERSION = 1;
				DEVELOPMENT_TEAM = 9U9ASFPY64;
				GENERATE_INFOPLIST_FILE = YES;
				IPHONEOS_DEPLOYMENT_TARGET = 26.0;
				MARKETING_VERSION = 1.0;
				PRODUCT_BUNDLE_IDENTIFIER = com.JEANELLETests;
				PRODUCT_NAME = "$(TARGET_NAME)";
				STRING_CATALOG_GENERATE_SYMBOLS = NO;
				SWIFT_APPROACHABLE_CONCURRENCY = YES;
				SWIFT_EMIT_LOC_STRINGS = NO;
				SWIFT_UPCOMING_FEATURE_MEMBER_IMPORT_VISIBILITY = YES;
				SWIFT_VERSION = 5.0;
				TARGETED_DEVICE_FAMILY = "1,2";
				TEST_HOST = "$(BUILT_PRODUCTS_DIR)/JEANELLE.app/$(BUNDLE_EXECUTABLE_FOLDER_PATH)/JEANELLE";
			};
			name = Release;
		};
		29F058252EF1F90900A3D342 /* Debug */ = {
			isa = XCBuildConfiguration;
			buildSettings = {
				CODE_SIGN_STYLE = Automatic;
				CURRENT_PROJECT_VERSION = 1;
				DEVELOPMENT_TEAM = 9U9ASFPY64;
				GENERATE_INFOPLIST_FILE = YES;
				MARKETING_VERSION = 1.0;
				PRODUCT_BUNDLE_IDENTIFIER = com.JEANELLEUITests;
				PRODUCT_NAME = "$(TARGET_NAME)";
				STRING_CATALOG_GENERATE_SYMBOLS = NO;
				SWIFT_APPROACHABLE_CONCURRENCY = YES;
				SWIFT_EMIT_LOC_STRINGS = NO;
				SWIFT_UPCOMING_FEATURE_MEMBER_IMPORT_VISIBILITY = YES;
				SWIFT_VERSION = 5.0;
				TARGETED_DEVICE_FAMILY = "1,2";
				TEST_TARGET_NAME = JEANELLE;
			};
			name = Debug;
		};
		29F058262EF1F90900A3D342 /* Release */ = {
			isa = XCBuildConfiguration;
			buildSettings = {
				CODE_SIGN_STYLE = Automatic;
				CURRENT_PROJECT_VERSION = 1;
				DEVELOPMENT_TEAM = 9U9ASFPY64;
				GENERATE_INFOPLIST_FILE = YES;
				MARKETING_VERSION = 1.0;
				PRODUCT_BUNDLE_IDENTIFIER = com.JEANELLEUITests;
				PRODUCT_NAME = "$(TARGET_NAME)";
				STRING_CATALOG_GENERATE_SYMBOLS = NO;
				SWIFT_APPROACHABLE_CONCURRENCY = YES;
				SWIFT_EMIT_LOC_STRINGS = NO;
				SWIFT_UPCOMING_FEATURE_MEMBER_IMPORT_VISIBILITY = YES;
				SWIFT_VERSION = 5.0;
				TARGETED_DEVICE_FAMILY = "1,2";
				TEST_TARGET_NAME = JEANELLE;
			};
			name = Release;
		};
/* End XCBuildConfiguration section */

/* Begin XCConfigurationList section */
		29F057EE2EF1F90800A3D342 /* Build configuration list for PBXProject "JEANELLE" */ = {
			isa = XCConfigurationList;
			buildConfigurations = (
				29F0581F2EF1F90900A3D342 /* Debug */,
				29F058202EF1F90900A3D342 /* Release */,
			);
			defaultConfigurationIsVisible = 0;
			defaultConfigurationName = Release;
		};
		29F0581C2EF1F90900A3D342 /* Build configuration list for PBXNativeTarget "JEANELLE" */ = {
			isa = XCConfigurationList;
			buildConfigurations = (
				29F0581D2EF1F90900A3D342 /* Debug */,
				29F0581E2EF1F90900A3D342 /* Release */,
			);
			defaultConfigurationIsVisible = 0;
			defaultConfigurationName = Release;
		};
		29F058212EF1F90900A3D342 /* Build configuration list for PBXNativeTarget "JEANELLETests" */ = {
			isa = XCConfigurationList;
			buildConfigurations = (
				29F058222EF1F90900A3D342 /* Debug */,
				29F058232EF1F90900A3D342 /* Release */,
			);
			defaultConfigurationIsVisible = 0;
			defaultConfigurationName = Release;
		};
		29F058242EF1F90900A3D342 /* Build configuration list for PBXNativeTarget "JEANELLEUITests" */ = {
			isa = XCConfigurationList;
			buildConfigurations = (
				29F058252EF1F90900A3D342 /* Debug */,
				29F058262EF1F90900A3D342 /* Release */,
			);
			defaultConfigurationIsVisible = 0;
			defaultConfigurationName = Release;
		};
/* End XCConfigurationList section */
	};
	rootObject = 29F057EB2EF1F90800A3D342 /* Project object */;
}
